// !$*UTF8*$!
{
	archiveVersion = 1;
	classes = {
	};
	objectVersion = 46;
	objects = {

/* Begin PBXBuildFile section */
		D5724E3D1AB52D200049EC9F /* main.m in Sources */ = {isa = PBXBuildFile; fileRef = D5724E3C1AB52D200049EC9F /* main.m */; };
		D5724E401AB52D200049EC9F /* AppDelegate.m in Sources */ = {isa = PBXBuildFile; fileRef = D5724E3F1AB52D200049EC9F /* AppDelegate.m */; };
		D5724E431AB52D200049EC9F /* ViewController.m in Sources */ = {isa = PBXBuildFile; fileRef = D5724E421AB52D200049EC9F /* ViewController.m */; };
		D5724E461AB52D200049EC9F /* Main.storyboard in Resources */ = {isa = PBXBuildFile; fileRef = D5724E441AB52D200049EC9F /* Main.storyboard */; };
		D5724E481AB52D200049EC9F /* Images.xcassets in Resources */ = {isa = PBXBuildFile; fileRef = D5724E471AB52D200049EC9F /* Images.xcassets */; };
		D5724E4B1AB52D200049EC9F /* LaunchScreen.xib in Resources */ = {isa = PBXBuildFile; fileRef = D5724E491AB52D200049EC9F /* LaunchScreen.xib */; };
		D5724E571AB52D200049EC9F /* shunkanTests.m in Sources */ = {isa = PBXBuildFile; fileRef = D5724E561AB52D200049EC9F /* shunkanTests.m */; };
/* End PBXBuildFile section */

/* Begin PBXContainerItemProxy section */
		D5724E511AB52D200049EC9F /* PBXContainerItemProxy */ = {
			isa = PBXContainerItemProxy;
			containerPortal = D5724E2F1AB52D200049EC9F /* Project object */;
			proxyType = 1;
			remoteGlobalIDString = D5724E361AB52D200049EC9F;
			remoteInfo = shunkan;
		};
/* End PBXContainerItemProxy section */

/* Begin PBXFileReference section */
		D5724E371AB52D200049EC9F /* shunkan.app */ = {isa = PBXFileReference; explicitFileType = wrapper.application; includeInIndex = 0; path = shunkan.app; sourceTree = BUILT_PRODUCTS_DIR; };
		D5724E3B1AB52D200049EC9F /* Info.plist */ = {isa = PBXFileReference; lastKnownFileType = text.plist.xml; path = Info.plist; sourceTree = "<group>"; };
		D5724E3C1AB52D200049EC9F /* main.m */ = {isa = PBXFileReference; lastKnownFileType = sourcecode.c.objc; path = main.m; sourceTree = "<group>"; };
		D5724E3E1AB52D200049EC9F /* AppDelegate.h */ = {isa = PBXFileReference; lastKnownFileType = sourcecode.c.h; path = AppDelegate.h; sourceTree = "<group>"; };
		D5724E3F1AB52D200049EC9F /* AppDelegate.m */ = {isa = PBXFileReference; lastKnownFileType = sourcecode.c.objc; path = AppDelegate.m; sourceTree = "<group>"; };
		D5724E411AB52D200049EC9F /* ViewController.h */ = {isa = PBXFileReference; lastKnownFileType = sourcecode.c.h; path = ViewController.h; sourceTree = "<group>"; };
		D5724E421AB52D200049EC9F /* ViewController.m */ = {isa = PBXFileReference; lastKnownFileType = sourcecode.c.objc; path = ViewController.m; sourceTree = "<group>"; };
		D5724E451AB52D200049EC9F /* Base */ = {isa = PBXFileReference; lastKnownFileType = file.storyboard; name = Base; path = Base.lproj/Main.storyboard; sourceTree = "<group>"; };
		D5724E471AB52D200049EC9F /* Images.xcassets */ = {isa = PBXFileReference; lastKnownFileType = folder.assetcatalog; path = Images.xcassets; sourceTree = "<group>"; };
		D5724E4A1AB52D200049EC9F /* Base */ = {isa = PBXFileReference; lastKnownFileType = file.xib; name = Base; path = Base.lproj/LaunchScreen.xib; sourceTree = "<group>"; };
		D5724E501AB52D200049EC9F /* shunkanTests.xctest */ = {isa = PBXFileReference; explicitFileType = wrapper.cfbundle; includeInIndex = 0; path = shunkanTests.xctest; sourceTree = BUILT_PRODUCTS_DIR; };
		D5724E551AB52D200049EC9F /* Info.plist */ = {isa = PBXFileReference; lastKnownFileType = text.plist.xml; path = Info.plist; sourceTree = "<group>"; };
		D5724E561AB52D200049EC9F /* shunkanTests.m */ = {isa = PBXFileReference; lastKnownFileType = sourcecode.c.objc; path = shunkanTests.m; sourceTree = "<group>"; };
/* End PBXFileReference section */

/* Begin PBXFrameworksBuildPhase section */
		D5724E341AB52D200049EC9F /* Frameworks */ = {
			isa = PBXFrameworksBuildPhase;
			buildActionMask = 2147483647;
			files = (
			);
			runOnlyForDeploymentPostprocessing = 0;
		};
		D5724E4D1AB52D200049EC9F /* Frameworks */ = {
			isa = PBXFrameworksBuildPhase;
			buildActionMask = 2147483647;
			files = (
			);
			runOnlyForDeploymentPostprocessing = 0;
		};
/* End PBXFrameworksBuildPhase section */

/* Begin PBXGroup section */
		D5724E2E1AB52D200049EC9F = {
			isa = PBXGroup;
			children = (
				D5724E391AB52D200049EC9F /* shunkan */,
				D5724E531AB52D200049EC9F /* shunkanTests */,
				D5724E381AB52D200049EC9F /* Products */,
			);
			sourceTree = "<group>";
		};
		D5724E381AB52D200049EC9F /* Products */ = {
			isa = PBXGroup;
			children = (
				D5724E371AB52D200049EC9F /* shunkan.app */,
				D5724E501AB52D200049EC9F /* shunkanTests.xctest */,
			);
			name = Products;
			sourceTree = "<group>";
		};
		D5724E391AB52D200049EC9F /* shunkan */ = {
			isa = PBXGroup;
			children = (
				D5724E3E1AB52D200049EC9F /* AppDelegate.h */,
				D5724E3F1AB52D200049EC9F /* AppDelegate.m */,
				D5724E411AB52D200049EC9F /* ViewController.h */,
				D5724E421AB52D200049EC9F /* ViewController.m */,
				D5724E441AB52D200049EC9F /* Main.storyboard */,
				D5724E471AB52D200049EC9F /* Images.xcassets */,
				D5724E491AB52D200049EC9F /* LaunchScreen.xib */,
				D5724E3A1AB52D200049EC9F /* Supporting Files */,
			);
			path = shunkan;
			sourceTree = "<group>";
		};
		D5724E3A1AB52D200049EC9F /* Supporting Files */ = {
			isa = PBXGroup;
			children = (
				D5724E3B1AB52D200049EC9F /* Info.plist */,
				D5724E3C1AB52D200049EC9F /* main.m */,
			);
			name = "Supporting Files";
			sourceTree = "<group>";
		};
		D5724E531AB52D200049EC9F /* shunkanTests */ = {
			isa = PBXGroup;
			children = (
				D5724E561AB52D200049EC9F /* shunkanTests.m */,
				D5724E541AB52D200049EC9F /* Supporting Files */,
			);
			path = shunkanTests;
			sourceTree = "<group>";
		};
		D5724E541AB52D200049EC9F /* Supporting Files */ = {
			isa = PBXGroup;
			children = (
				D5724E551AB52D200049EC9F /* Info.plist */,
			);
			name = "Supporting Files";
			sourceTree = "<group>";
		};
/* End PBXGroup section */

/* Begin PBXNativeTarget section */
		D5724E361AB52D200049EC9F /* shunkan */ = {
			isa = PBXNativeTarget;
			buildConfigurationList = D5724E5A1AB52D200049EC9F /* Build configuration list for PBXNativeTarget "shunkan" */;
			buildPhases = (
				D5724E331AB52D200049EC9F /* Sources */,
				D5724E341AB52D200049EC9F /* Frameworks */,
				D5724E351AB52D200049EC9F /* Resources */,
			);
			buildRules = (
			);
			dependencies = (
			);
			name = shunkan;
			productName = shunkan;
			productReference = D5724E371AB52D200049EC9F /* shunkan.app */;
			productType = "com.apple.product-type.application";
		};
		D5724E4F1AB52D200049EC9F /* shunkanTests */ = {
			isa = PBXNativeTarget;
			buildConfigurationList = D5724E5D1AB52D200049EC9F /* Build configuration list for PBXNativeTarget "shunkanTests" */;
			buildPhases = (
				D5724E4C1AB52D200049EC9F /* Sources */,
				D5724E4D1AB52D200049EC9F /* Frameworks */,
				D5724E4E1AB52D200049EC9F /* Resources */,
			);
			buildRules = (
			);
			dependencies = (
				D5724E521AB52D200049EC9F /* PBXTargetDependency */,
			);
			name = shunkanTests;
			productName = shunkanTests;
			productReference = D5724E501AB52D200049EC9F /* shunkanTests.xctest */;
			productType = "com.apple.product-type.bundle.unit-test";
		};
/* End PBXNativeTarget section */

/* Begin PBXProject section */
		D5724E2F1AB52D200049EC9F /* Project object */ = {
			isa = PBXProject;
			attributes = {
				LastUpgradeCheck = 0610;
				ORGANIZATIONNAME = ManaNishimura;
				TargetAttributes = {
					D5724E361AB52D200049EC9F = {
						CreatedOnToolsVersion = 6.1.1;
					};
					D5724E4F1AB52D200049EC9F = {
						CreatedOnToolsVersion = 6.1.1;
						TestTargetID = D5724E361AB52D200049EC9F;
					};
				};
			};
			buildConfigurationList = D5724E321AB52D200049EC9F /* Build configuration list for PBXProject "shunkan" */;
			compatibilityVersion = "Xcode 3.2";
			developmentRegion = English;
			hasScannedForEncodings = 0;
			knownRegions = (
				en,
				Base,
			);
			mainGroup = D5724E2E1AB52D200049EC9F;
			productRefGroup = D5724E381AB52D200049EC9F /* Products */;
			projectDirPath = "";
			projectRoot = "";
			targets = (
				D5724E361AB52D200049EC9F /* shunkan */,
				D5724E4F1AB52D200049EC9F /* shunkanTests */,
			);
		};
/* End PBXProject section */

/* Begin PBXResourcesBuildPhase section */
		D5724E351AB52D200049EC9F /* Resources */ = {
			isa = PBXResourcesBuildPhase;
			buildActionMask = 2147483647;
			files = (
				D5724E461AB52D200049EC9F /* Main.storyboard in Resources */,
				D5724E4B1AB52D200049EC9F /* LaunchScreen.xib in Resources */,
				D5724E481AB52D200049EC9F /* Images.xcassets in Resources */,
			);
			runOnlyForDeploymentPostprocessing = 0;
		};
		D5724E4E1AB52D200049EC9F /* Resources */ = {
			isa = PBXResourcesBuildPhase;
			buildActionMask = 2147483647;
			files = (
			);
			runOnlyForDeploymentPostprocessing = 0;
		};
/* End PBXResourcesBuildPhase section */

/* Begin PBXSourcesBuildPhase section */
		D5724E331AB52D200049EC9F /* Sources */ = {
			isa = PBXSourcesBuildPhase;
			buildActionMask = 2147483647;
			files = (
				D5724E431AB52D200049EC9F /* ViewController.m in Sources */,
				D5724E401AB52D200049EC9F /* AppDelegate.m in Sources */,
				D5724E3D1AB52D200049EC9F /* main.m in Sources */,
			);
			runOnlyForDeploymentPostprocessing = 0;
		};
		D5724E4C1AB52D200049EC9F /* Sources */ = {
			isa = PBXSourcesBuildPhase;
			buildActionMask = 2147483647;
			files = (
				D5724E571AB52D200049EC9F /* shunkanTests.m in Sources */,
			);
			runOnlyForDeploymentPostprocessing = 0;
		};
/* End PBXSourcesBuildPhase section */

/* Begin PBXTargetDependency section */
		D5724E521AB52D200049EC9F /* PBXTargetDependency */ = {
			isa = PBXTargetDependency;
			target = D5724E361AB52D200049EC9F /* shunkan */;
			targetProxy = D5724E511AB52D200049EC9F /* PBXContainerItemProxy */;
		};
/* End PBXTargetDependency section */

/* Begin PBXVariantGroup section */
		D5724E441AB52D200049EC9F /* Main.storyboard */ = {
			isa = PBXVariantGroup;
			children = (
				D5724E451AB52D200049EC9F /* Base */,
			);
			name = Main.storyboard;
			sourceTree = "<group>";
		};
		D5724E491AB52D200049EC9F /* LaunchScreen.xib */ = {
			isa = PBXVariantGroup;
			children = (
				D5724E4A1AB52D200049EC9F /* Base */,
			);
			name = LaunchScreen.xib;
			sourceTree = "<group>";
		};
/* End PBXVariantGroup section */

/* Begin XCBuildConfiguration section */
		D5724E581AB52D200049EC9F /* Debug */ = {
			isa = XCBuildConfiguration;
			buildSettings = {
				ALWAYS_SEARCH_USER_PATHS = NO;
				CLANG_CXX_LANGUAGE_STANDARD = "gnu++0x";
				CLANG_CXX_LIBRARY = "libc++";
				CLANG_ENABLE_MODULES = YES;
				CLANG_ENABLE_OBJC_ARC = YES;
				CLANG_WARN_BOOL_CONVERSION = YES;
				CLANG_WARN_CONSTANT_CONVERSION = YES;
				CLANG_WARN_DIRECT_OBJC_ISA_USAGE = YES_ERROR;
				CLANG_WARN_EMPTY_BODY = YES;
				CLANG_WARN_ENUM_CONVERSION = YES;
				CLANG_WARN_INT_CONVERSION = YES;
				CLANG_WARN_OBJC_ROOT_CLASS = YES_ERROR;
				CLANG_WARN_UNREACHABLE_CODE = YES;
				CLANG_WARN__DUPLICATE_METHOD_MATCH = YES;
				"CODE_SIGN_IDENTITY[sdk=iphoneos*]" = "iPhone Developer";
				COPY_PHASE_STRIP = NO;
				ENABLE_STRICT_OBJC_MSGSEND = YES;
				GCC_C_LANGUAGE_STANDARD = gnu99;
				GCC_DYNAMIC_NO_PIC = NO;
				GCC_OPTIMIZATION_LEVEL = 0;
				GCC_PREPROCESSOR_DEFINITIONS = (
					"DEBUG=1",
					"$(inherited)",
				);
				GCC_SYMBOLS_PRIVATE_EXTERN = NO;
				GCC_WARN_64_TO_32_BIT_CONVERSION = YES;
				GCC_WARN_ABOUT_RETURN_TYPE = YES_ERROR;
				GCC_WARN_UNDECLARED_SELECTOR = YES;
				GCC_WARN_UNINITIALIZED_AUTOS = YES_AGGRESSIVE;
				GCC_WARN_UNUSED_FUNCTION = YES;
				GCC_WARN_UNUSED_VARIABLE = YES;
				IPHONEOS_DEPLOYMENT_TARGET = 8.1;
				MTL_ENABLE_DEBUG_INFO = YES;
				ONLY_ACTIVE_ARCH = YES;
				SDKROOT = iphoneos;
			};
			name = Debug;
		};
		D5724E591AB52D200049EC9F /* Release */ = {
			isa = XCBuildConfiguration;
			buildSettings = {
				ALWAYS_SEARCH_USER_PATHS = NO;
				CLANG_CXX_LANGUAGE_STANDARD = "gnu++0x";
				CLANG_CXX_LIBRARY = "libc++";
				CLANG_ENABLE_MODULES = YES;
				CLANG_ENABLE_OBJC_ARC = YES;
				CLANG_WARN_BOOL_CONVERSION = YES;
				CLANG_WARN_CONSTANT_CONVERSION = YES;
				CLANG_WARN_DIRECT_OBJC_ISA_USAGE = YES_ERROR;
				CLANG_WARN_EMPTY_BODY = YES;
				CLANG_WARN_ENUM_CONVERSION = YES;
				CLANG_WARN_INT_CONVERSION = YES;
				CLANG_WARN_OBJC_ROOT_CLASS = YES_ERROR;
				CLANG_WARN_UNREACHABLE_CODE = YES;
				CLANG_WARN__DUPLICATE_METHOD_MATCH = YES;
				"CODE_SIGN_IDENTITY[sdk=iphoneos*]" = "iPhone Developer";
				COPY_PHASE_STRIP = YES;
				ENABLE_NS_ASSERTIONS = NO;
				ENABLE_STRICT_OBJC_MSGSEND = YES;
				GCC_C_LANGUAGE_STANDARD = gnu99;
				GCC_WARN_64_TO_32_BIT_CONVERSION = YES;
				GCC_WARN_ABOUT_RETURN_TYPE = YES_ERROR;
				GCC_WARN_UNDECLARED_SELECTOR = YES;
				GCC_WARN_UNINITIALIZED_AUTOS = YES_AGGRESSIVE;
				GCC_WARN_UNUSED_FUNCTION = YES;
				GCC_WARN_UNUSED_VARIABLE = YES;
				IPHONEOS_DEPLOYMENT_TARGET = 8.1;
				MTL_ENABLE_DEBUG_INFO = NO;
				SDKROOT = iphoneos;
				VALIDATE_PRODUCT = YES;
			};
			name = Release;
		};
		D5724E5B1AB52D200049EC9F /* Debug */ = {
			isa = XCBuildConfiguration;
			buildSettings = {
				ASSETCATALOG_COMPILER_APPICON_NAME = AppIcon;
				INFOPLIST_FILE = shunkan/Info.plist;
				LD_RUNPATH_SEARCH_PATHS = "$(inherited) @executable_path/Frameworks";
				PRODUCT_NAME = "$(TARGET_NAME)";
			};
			name = Debug;
		};
		D5724E5C1AB52D200049EC9F /* Release */ = {
			isa = XCBuildConfiguration;
			buildSettings = {
				ASSETCATALOG_COMPILER_APPICON_NAME = AppIcon;
				INFOPLIST_FILE = shunkan/Info.plist;
				LD_RUNPATH_SEARCH_PATHS = "$(inherited) @executable_path/Frameworks";
				PRODUCT_NAME = "$(TARGET_NAME)";
			};
			name = Release;
		};
		D5724E5E1AB52D200049EC9F /* Debug */ = {
			isa = XCBuildConfiguration;
			buildSettings = {
				BUNDLE_LOADER = "$(TEST_HOST)";
				FRAMEWORK_SEARCH_PATHS = (
					"$(SDKROOT)/Developer/Library/Frameworks",
					"$(inherited)",
				);
				GCC_PREPROCESSOR_DEFINITIONS = (
					"DEBUG=1",
					"$(inherited)",
				);
				INFOPLIST_FILE = shunkanTests/Info.plist;
				LD_RUNPATH_SEARCH_PATHS = "$(inherited) @executable_path/Frameworks @loader_path/Frameworks";
				PRODUCT_NAME = "$(TARGET_NAME)";
				TEST_HOST = "$(BUILT_PRODUCTS_DIR)/shunkan.app/shunkan";
			};
			name = Debug;
		};
		D5724E5F1AB52D200049EC9F /* Release */ = {
			isa = XCBuildConfiguration;
			buildSettings = {
				BUNDLE_LOADER = "$(TEST_HOST)";
				FRAMEWORK_SEARCH_PATHS = (
					"$(SDKROOT)/Developer/Library/Frameworks",
					"$(inherited)",
				);
				INFOPLIST_FILE = shunkanTests/Info.plist;
				LD_RUNPATH_SEARCH_PATHS = "$(inherited) @executable_path/Frameworks @loader_path/Frameworks";
				PRODUCT_NAME = "$(TARGET_NAME)";
				TEST_HOST = "$(BUILT_PRODUCTS_DIR)/shunkan.app/shunkan";
			};
			name = Release;
		};
/* End XCBuildConfiguration section */

/* Begin XCConfigurationList section */
		D5724E321AB52D200049EC9F /* Build configuration list for PBXProject "shunkan" */ = {
			isa = XCConfigurationList;
			buildConfigurations = (
				D5724E581AB52D200049EC9F /* Debug */,
				D5724E591AB52D200049EC9F /* Release */,
			);
			defaultConfigurationIsVisible = 0;
			defaultConfigurationName = Release;
		};
		D5724E5A1AB52D200049EC9F /* Build configuration list for PBXNativeTarget "shunkan" */ = {
			isa = XCConfigurationList;
			buildConfigurations = (
				D5724E5B1AB52D200049EC9F /* Debug */,
				D5724E5C1AB52D200049EC9F /* Release */,
			);
			defaultConfigurationIsVisible = 0;
		};
		D5724E5D1AB52D200049EC9F /* Build configuration list for PBXNativeTarget "shunkanTests" */ = {
			isa = XCConfigurationList;
			buildConfigurations = (
				D5724E5E1AB52D200049EC9F /* Debug */,
				D5724E5F1AB52D200049EC9F /* Release */,
			);
			defaultConfigurationIsVisible = 0;
		};
/* End XCConfigurationList section */
	};
	rootObject = D5724E2F1AB52D200049EC9F /* Project object */;
}
